
Microsoft Visual Studio Solution File, Format Version 12.00
Project("{FAE04EC0-301F-11D3-BF4B-00C04F79EFBC}") = "ProductOffer.WebAPI", "ProductOffer.WebAPI\ProductOffer.WebAPI.csproj", "{DAE6BB8A-229B-4745-A3B2-43EFAA19F365}"
EndProject
Project("{FAE04EC0-301F-11D3-BF4B-00C04F79EFBC}") = "ProductOffer.Processor", "ProductOffer.Processor\ProductOffer.Processor.csproj", "{44850659-C791-4F65-8E60-17832B44994D}"
EndProject
Global
	GlobalSection(SolutionConfigurationPlatforms) = preSolution
		Debug|Any CPU = Debug|Any CPU
		Release|Any CPU = Release|Any CPU
	EndGlobalSection
	GlobalSection(ProjectConfigurationPlatforms) = postSolution
		{DAE6BB8A-229B-4745-A3B2-43EFAA19F365}.Debug|Any CPU.ActiveCfg = Debug|Any CPU
		{DAE6BB8A-229B-4745-A3B2-43EFAA19F365}.Debug|Any CPU.Build.0 = Debug|Any CPU
		{DAE6BB8A-229B-4745-A3B2-43EFAA19F365}.Release|Any CPU.ActiveCfg = Release|Any CPU
		{DAE6BB8A-229B-4745-A3B2-43EFAA19F365}.Release|Any CPU.Build.0 = Release|Any CPU
		{44850659-C791-4F65-8E60-17832B44994D}.Debug|Any CPU.ActiveCfg = Debug|Any CPU
		{44850659-C791-4F65-8E60-17832B44994D}.Debug|Any CPU.Build.0 = Debug|Any CPU
		{44850659-C791-4F65-8E60-17832B44994D}.Release|Any CPU.ActiveCfg = Release|Any CPU
		{44850659-C791-4F65-8E60-17832B44994D}.Release|Any CPU.Build.0 = Release|Any CPU
	EndGlobalSection
EndGlobal
